
Microsoft Visual Studio Solution File, Format Version 12.00
# Visual Studio Version 17
VisualStudioVersion = 17.3.32929.385
MinimumVisualStudioVersion = 10.0.40219.1
Project("{FAE04EC0-301F-11D3-BF4B-00C04F79EFBC}") = "Key Generator", "Key Generator\Key Generator.csproj", "{704654C2-CF41-4649-BB8D-9CB68C25F22A}"
EndProject
Global
	GlobalSection(SolutionConfigurationPlatforms) = preSolution
		Debug|Any CPU = Debug|Any CPU
		Release|Any CPU = Release|Any CPU
	EndGlobalSection
	GlobalSection(ProjectConfigurationPlatforms) = postSolution
		{704654C2-CF41-4649-BB8D-9CB68C25F22A}.Debug|Any CPU.ActiveCfg = Debug|Any CPU
		{704654C2-CF41-4649-BB8D-9CB68C25F22A}.Debug|Any CPU.Build.0 = Debug|Any CPU
		{704654C2-CF41-4649-BB8D-9CB68C25F22A}.Release|Any CPU.ActiveCfg = Release|Any CPU
		{704654C2-CF41-4649-BB8D-9CB68C25F22A}.Release|Any CPU.Build.0 = Release|Any CPU
	EndGlobalSection
	GlobalSection(SolutionProperties) = preSolution
		HideSolutionNode = FALSE
	EndGlobalSection
	GlobalSection(ExtensibilityGlobals) = postSolution
		SolutionGuid = {FE3A68DD-27A6-4310-BC3B-F0D6DD0B8B84}
	EndGlobalSection
EndGlobal
